
Microsoft Visual Studio Solution File, Format Version 12.00
# Visual Studio Version 17
VisualStudioVersion = 17.4.33205.214
MinimumVisualStudioVersion = 10.0.40219.1
Project("{FAE04EC0-301F-11D3-BF4B-00C04F79EFBC}") = "JokesWebApp", "JokesWebApp\JokesWebApp.csproj", "{29128688-E6BE-4FAE-97F6-A5BE0CE18247}"
EndProject
Global
	GlobalSection(SolutionConfigurationPlatforms) = preSolution
		Debug|Any CPU = Debug|Any CPU
		Release|Any CPU = Release|Any CPU
	EndGlobalSection
	GlobalSection(ProjectConfigurationPlatforms) = postSolution
		{29128688-E6BE-4FAE-97F6-A5BE0CE18247}.Debug|Any CPU.ActiveCfg = Debug|Any CPU
		{29128688-E6BE-4FAE-97F6-A5BE0CE18247}.Debug|Any CPU.Build.0 = Debug|Any CPU
		{29128688-E6BE-4FAE-97F6-A5BE0CE18247}.Release|Any CPU.ActiveCfg = Release|Any CPU
		{29128688-E6BE-4FAE-97F6-A5BE0CE18247}.Release|Any CPU.Build.0 = Release|Any CPU
	EndGlobalSection
	GlobalSection(SolutionProperties) = preSolution
		HideSolutionNode = FALSE
	EndGlobalSection
	GlobalSection(ExtensibilityGlobals) = postSolution
		SolutionGuid = {50640513-D8DF-4AF4-B225-C2543CD3AF02}
	EndGlobalSection
EndGlobal
